
Microsoft Visual Studio Solution File, Format Version 12.00
# Visual Studio Version 17
VisualStudioVersion = 17.10.34825.169
MinimumVisualStudioVersion = 10.0.40219.1
Project("{FAE04EC0-301F-11D3-BF4B-00C04F79EFBC}") = "minimal-api.Server", "minimal-api.Server\minimal-api.Server.csproj", "{E15D9F15-EE69-4A98-9EBA-7F1D0F76CA2A}"
EndProject
Project("{54A90642-561A-4BB1-A94E-469ADEE60C69}") = "minimal-api.client", "minimal-api.client\minimal-api.client.esproj", "{2FE3A7E9-5918-4EDE-8B8C-B9078495B95C}"
EndProject
Global
	GlobalSection(SolutionConfigurationPlatforms) = preSolution
		Debug|Any CPU = Debug|Any CPU
		Release|Any CPU = Release|Any CPU
	EndGlobalSection
	GlobalSection(ProjectConfigurationPlatforms) = postSolution
		{E15D9F15-EE69-4A98-9EBA-7F1D0F76CA2A}.Debug|Any CPU.ActiveCfg = Debug|Any CPU
		{E15D9F15-EE69-4A98-9EBA-7F1D0F76CA2A}.Debug|Any CPU.Build.0 = Debug|Any CPU
		{E15D9F15-EE69-4A98-9EBA-7F1D0F76CA2A}.Release|Any CPU.ActiveCfg = Release|Any CPU
		{E15D9F15-EE69-4A98-9EBA-7F1D0F76CA2A}.Release|Any CPU.Build.0 = Release|Any CPU
		{2FE3A7E9-5918-4EDE-8B8C-B9078495B95C}.Debug|Any CPU.ActiveCfg = Debug|Any CPU
		{2FE3A7E9-5918-4EDE-8B8C-B9078495B95C}.Debug|Any CPU.Build.0 = Debug|Any CPU
		{2FE3A7E9-5918-4EDE-8B8C-B9078495B95C}.Debug|Any CPU.Deploy.0 = Debug|Any CPU
		{2FE3A7E9-5918-4EDE-8B8C-B9078495B95C}.Release|Any CPU.ActiveCfg = Release|Any CPU
		{2FE3A7E9-5918-4EDE-8B8C-B9078495B95C}.Release|Any CPU.Build.0 = Release|Any CPU
		{2FE3A7E9-5918-4EDE-8B8C-B9078495B95C}.Release|Any CPU.Deploy.0 = Release|Any CPU
	EndGlobalSection
	GlobalSection(SolutionProperties) = preSolution
		HideSolutionNode = FALSE
	EndGlobalSection
	GlobalSection(ExtensibilityGlobals) = postSolution
		SolutionGuid = {74E65CE2-BC9A-4E76-9567-B86327C50F20}
	EndGlobalSection
EndGlobal
